
Microsoft Visual Studio Solution File, Format Version 12.00
# Visual Studio Version 17
VisualStudioVersion = 17.1.32421.90
MinimumVisualStudioVersion = 10.0.40219.1
Project("{FAE04EC0-301F-11D3-BF4B-00C04F79EFBC}") = "OpenSC2Kv2", "OpenSC2Kv2\OpenSC2Kv2.csproj", "{511CD779-F01C-4836-ABC7-D277A370B6AF}"
EndProject
Project("{FAE04EC0-301F-11D3-BF4B-00C04F79EFBC}") = "OpenSC2KTools.MapViewer", "OpenSC2KTools.MapViewer\OpenSC2KTools.MapViewer.csproj", "{645D95F1-B21C-4DC5-A114-9D71EFFD4250}"
EndProject
Project("{FAE04EC0-301F-11D3-BF4B-00C04F79EFBC}") = "OpenSC2Kv2.API", "OpenSC2Kv2.API\OpenSC2Kv2.API.csproj", "{5376E3B5-E7F7-4B5D-874A-F0549623E6AB}"
EndProject
Global
	GlobalSection(SolutionConfigurationPlatforms) = preSolution
		Debug|Any CPU = Debug|Any CPU
		Release|Any CPU = Release|Any CPU
	EndGlobalSection
	GlobalSection(ProjectConfigurationPlatforms) = postSolution
		{511CD779-F01C-4836-ABC7-D277A370B6AF}.Debug|Any CPU.ActiveCfg = Debug|Any CPU
		{511CD779-F01C-4836-ABC7-D277A370B6AF}.Debug|Any CPU.Build.0 = Debug|Any CPU
		{511CD779-F01C-4836-ABC7-D277A370B6AF}.Release|Any CPU.ActiveCfg = Release|Any CPU
		{511CD779-F01C-4836-ABC7-D277A370B6AF}.Release|Any CPU.Build.0 = Release|Any CPU
		{645D95F1-B21C-4DC5-A114-9D71EFFD4250}.Debug|Any CPU.ActiveCfg = Debug|Any CPU
		{645D95F1-B21C-4DC5-A114-9D71EFFD4250}.Debug|Any CPU.Build.0 = Debug|Any CPU
		{645D95F1-B21C-4DC5-A114-9D71EFFD4250}.Release|Any CPU.ActiveCfg = Release|Any CPU
		{645D95F1-B21C-4DC5-A114-9D71EFFD4250}.Release|Any CPU.Build.0 = Release|Any CPU
		{5376E3B5-E7F7-4B5D-874A-F0549623E6AB}.Debug|Any CPU.ActiveCfg = Debug|Any CPU
		{5376E3B5-E7F7-4B5D-874A-F0549623E6AB}.Debug|Any CPU.Build.0 = Debug|Any CPU
		{5376E3B5-E7F7-4B5D-874A-F0549623E6AB}.Release|Any CPU.ActiveCfg = Release|Any CPU
		{5376E3B5-E7F7-4B5D-874A-F0549623E6AB}.Release|Any CPU.Build.0 = Release|Any CPU
	EndGlobalSection
	GlobalSection(SolutionProperties) = preSolution
		HideSolutionNode = FALSE
	EndGlobalSection
	GlobalSection(ExtensibilityGlobals) = postSolution
		SolutionGuid = {DB46A7A0-E7AB-4042-AD73-58B228245BAB}
	EndGlobalSection
EndGlobal
